
Microsoft Visual Studio Solution File, Format Version 12.00
# Visual Studio Version 17
VisualStudioVersion = 17.0.32112.339
MinimumVisualStudioVersion = 10.0.40219.1
Project("{FAE04EC0-301F-11D3-BF4B-00C04F79EFBC}") = "Tickets", "Tickets\Tickets.csproj", "{08DFF8F7-66B7-4F08-997F-F7A8DEBFC435}"
EndProject
Global
	GlobalSection(SolutionConfigurationPlatforms) = preSolution
		Debug|Any CPU = Debug|Any CPU
		Release|Any CPU = Release|Any CPU
	EndGlobalSection
	GlobalSection(ProjectConfigurationPlatforms) = postSolution
		{08DFF8F7-66B7-4F08-997F-F7A8DEBFC435}.Debug|Any CPU.ActiveCfg = Debug|Any CPU
		{08DFF8F7-66B7-4F08-997F-F7A8DEBFC435}.Debug|Any CPU.Build.0 = Debug|Any CPU
		{08DFF8F7-66B7-4F08-997F-F7A8DEBFC435}.Release|Any CPU.ActiveCfg = Release|Any CPU
		{08DFF8F7-66B7-4F08-997F-F7A8DEBFC435}.Release|Any CPU.Build.0 = Release|Any CPU
	EndGlobalSection
	GlobalSection(SolutionProperties) = preSolution
		HideSolutionNode = FALSE
	EndGlobalSection
	GlobalSection(ExtensibilityGlobals) = postSolution
		SolutionGuid = {F127048C-1993-4E3E-9249-51A3090026B1}
	EndGlobalSection
EndGlobal
